
Microsoft Visual Studio Solution File, Format Version 12.00
# Visual Studio Version 17
VisualStudioVersion = 17.14.37531.7 d17.14
MinimumVisualStudioVersion = 10.0.40219.1
Project("{FAE04EC0-301F-11D3-BF4B-00C04F79EFBC}") = "Vaga_Estagio", "Vaga_Estagio.csproj", "{C09E6ED0-D415-4E6E-A759-201EF12D04D5}"
EndProject
Global
	GlobalSection(SolutionConfigurationPlatforms) = preSolution
		Debug|Any CPU = Debug|Any CPU
		Release|Any CPU = Release|Any CPU
	EndGlobalSection
	GlobalSection(ProjectConfigurationPlatforms) = postSolution
		{C09E6ED0-D415-4E6E-A759-201EF12D04D5}.Debug|Any CPU.ActiveCfg = Debug|Any CPU
		{C09E6ED0-D415-4E6E-A759-201EF12D04D5}.Debug|Any CPU.Build.0 = Debug|Any CPU
		{C09E6ED0-D415-4E6E-A759-201EF12D04D5}.Release|Any CPU.ActiveCfg = Release|Any CPU
		{C09E6ED0-D415-4E6E-A759-201EF12D04D5}.Release|Any CPU.Build.0 = Release|Any CPU
	EndGlobalSection
	GlobalSection(SolutionProperties) = preSolution
		HideSolutionNode = FALSE
	EndGlobalSection
	GlobalSection(ExtensibilityGlobals) = postSolution
		SolutionGuid = {A273DC62-D4AF-4EDC-A761-51B07BA42419}
	EndGlobalSection
EndGlobal
